
Microsoft Visual Studio Solution File, Format Version 12.00
# Visual Studio Version 17
VisualStudioVersion = 17.4.33213.308
MinimumVisualStudioVersion = 10.0.40219.1
Project("{FAE04EC0-301F-11D3-BF4B-00C04F79EFBC}") = "Timerbaev-Глазки-Save", "Timerbaev-Глазки-Save\Timerbaev-Глазки-Save.csproj", "{3D7259FB-2EE6-42A9-9B05-B1757510F6D9}"
EndProject
Global
	GlobalSection(SolutionConfigurationPlatforms) = preSolution
		Debug|Any CPU = Debug|Any CPU
		Release|Any CPU = Release|Any CPU
	EndGlobalSection
	GlobalSection(ProjectConfigurationPlatforms) = postSolution
		{3D7259FB-2EE6-42A9-9B05-B1757510F6D9}.Debug|Any CPU.ActiveCfg = Debug|Any CPU
		{3D7259FB-2EE6-42A9-9B05-B1757510F6D9}.Debug|Any CPU.Build.0 = Debug|Any CPU
		{3D7259FB-2EE6-42A9-9B05-B1757510F6D9}.Release|Any CPU.ActiveCfg = Release|Any CPU
		{3D7259FB-2EE6-42A9-9B05-B1757510F6D9}.Release|Any CPU.Build.0 = Release|Any CPU
	EndGlobalSection
	GlobalSection(SolutionProperties) = preSolution
		HideSolutionNode = FALSE
	EndGlobalSection
	GlobalSection(ExtensibilityGlobals) = postSolution
		SolutionGuid = {1BE03096-FB80-46B4-8AFF-AF7AD56498ED}
	EndGlobalSection
EndGlobal
